{
  "name": "PWM Decoder",
  "requires": true,
  "lockfileVersion": 1,
  "dependencies": {
    "canvas-gauges": {
      "version": "2.1.7",
      "resolved": "https://registry.npmjs.org/canvas-gauges/-/canvas-gauges-2.1.7.tgz",
      "integrity": "sha512-z9cXBVTZdaUIOh32g21NU8gwxEeaxpEMvkZr9t8Y0QDbZiCDq05SJ17aIt+DM12oTJAlWGluN21D+bQ0NCv5GA=="
    }
  }
}
